
Microsoft Visual Studio Solution File, Format Version 12.00
# Visual Studio 14
VisualStudioVersion = 14.0.25123.0
MinimumVisualStudioVersion = 10.0.40219.1
Project("{FAE04EC0-301F-11D3-BF4B-00C04F79EFBC}") = "AspWebFormsPopup", "AspWebFormsPopup.csproj", "{89809A29-97A9-4C58-892B-B908B05BDEA3}"
EndProject
Global
	GlobalSection(SolutionConfigurationPlatforms) = preSolution
		Debug|Any CPU = Debug|Any CPU
		Release|Any CPU = Release|Any CPU
	EndGlobalSection
	GlobalSection(ProjectConfigurationPlatforms) = postSolution
		{89809A29-97A9-4C58-892B-B908B05BDEA3}.Debug|Any CPU.ActiveCfg = Debug|Any CPU
		{89809A29-97A9-4C58-892B-B908B05BDEA3}.Debug|Any CPU.Build.0 = Debug|Any CPU
		{89809A29-97A9-4C58-892B-B908B05BDEA3}.Release|Any CPU.ActiveCfg = Release|Any CPU
		{89809A29-97A9-4C58-892B-B908B05BDEA3}.Release|Any CPU.Build.0 = Release|Any CPU
	EndGlobalSection
	GlobalSection(SolutionProperties) = preSolution
		HideSolutionNode = FALSE
	EndGlobalSection
EndGlobal
