
Microsoft Visual Studio Solution File, Format Version 12.00
# Visual Studio 14
VisualStudioVersion = 14.0.25123.0
MinimumVisualStudioVersion = 10.0.40219.1
Project("{FAE04EC0-301F-11D3-BF4B-00C04F79EFBC}") = "Nemiro.OAuth", "Nemiro.OAuth\Nemiro.OAuth.csproj", "{00C92C2A-D6F0-4F92-9E92-30BC891FDEE1}"
EndProject
Project("{2150E333-8FDC-42A3-9474-1A3956D46DE8}") = "UnitTests", "UnitTests", "{330DC25B-17C5-4D96-B51D-3AA941C5D516}"
EndProject
Project("{FAE04EC0-301F-11D3-BF4B-00C04F79EFBC}") = "TestProject1", "TestProject1\TestProject1.csproj", "{05FA8979-07E7-41FD-BF24-3E0314322B95}"
EndProject
Project("{2150E333-8FDC-42A3-9474-1A3956D46DE8}") = "Solution Items", "Solution Items", "{D15FE9CF-DFF6-4941-98AF-62859DED3546}"
	ProjectSection(SolutionItems) = preProject
		Local.testsettings = Local.testsettings
		Nemiro.OAuth.vsmdi = Nemiro.OAuth.vsmdi
		TraceAndTestImpact.testsettings = TraceAndTestImpact.testsettings
	EndProjectSection
EndProject
Global
	GlobalSection(SubversionScc) = preSolution
		Svn-Managed = True
		Manager = AnkhSVN - Subversion Support for Visual Studio
	EndGlobalSection
	GlobalSection(SolutionConfigurationPlatforms) = preSolution
		Debug|Any CPU = Debug|Any CPU
		Debug|Mixed Platforms = Debug|Mixed Platforms
		Debug|x86 = Debug|x86
		Release|Any CPU = Release|Any CPU
		Release|Mixed Platforms = Release|Mixed Platforms
		Release|x86 = Release|x86
	EndGlobalSection
	GlobalSection(ProjectConfigurationPlatforms) = postSolution
		{00C92C2A-D6F0-4F92-9E92-30BC891FDEE1}.Debug|Any CPU.ActiveCfg = Debug|Any CPU
		{00C92C2A-D6F0-4F92-9E92-30BC891FDEE1}.Debug|Any CPU.Build.0 = Debug|Any CPU
		{00C92C2A-D6F0-4F92-9E92-30BC891FDEE1}.Debug|Mixed Platforms.ActiveCfg = Debug|Any CPU
		{00C92C2A-D6F0-4F92-9E92-30BC891FDEE1}.Debug|Mixed Platforms.Build.0 = Debug|Any CPU
		{00C92C2A-D6F0-4F92-9E92-30BC891FDEE1}.Debug|x86.ActiveCfg = Debug|Any CPU
		{00C92C2A-D6F0-4F92-9E92-30BC891FDEE1}.Release|Any CPU.ActiveCfg = Release|Any CPU
		{00C92C2A-D6F0-4F92-9E92-30BC891FDEE1}.Release|Any CPU.Build.0 = Release|Any CPU
		{00C92C2A-D6F0-4F92-9E92-30BC891FDEE1}.Release|Mixed Platforms.ActiveCfg = Release|Any CPU
		{00C92C2A-D6F0-4F92-9E92-30BC891FDEE1}.Release|Mixed Platforms.Build.0 = Release|Any CPU
		{00C92C2A-D6F0-4F92-9E92-30BC891FDEE1}.Release|x86.ActiveCfg = Release|Any CPU
		{05FA8979-07E7-41FD-BF24-3E0314322B95}.Debug|Any CPU.ActiveCfg = Debug|Any CPU
		{05FA8979-07E7-41FD-BF24-3E0314322B95}.Debug|Any CPU.Build.0 = Debug|Any CPU
		{05FA8979-07E7-41FD-BF24-3E0314322B95}.Debug|Mixed Platforms.ActiveCfg = Debug|Any CPU
		{05FA8979-07E7-41FD-BF24-3E0314322B95}.Debug|Mixed Platforms.Build.0 = Debug|Any CPU
		{05FA8979-07E7-41FD-BF24-3E0314322B95}.Debug|x86.ActiveCfg = Debug|Any CPU
		{05FA8979-07E7-41FD-BF24-3E0314322B95}.Release|Any CPU.ActiveCfg = Release|Any CPU
		{05FA8979-07E7-41FD-BF24-3E0314322B95}.Release|Any CPU.Build.0 = Release|Any CPU
		{05FA8979-07E7-41FD-BF24-3E0314322B95}.Release|Mixed Platforms.ActiveCfg = Release|Any CPU
		{05FA8979-07E7-41FD-BF24-3E0314322B95}.Release|Mixed Platforms.Build.0 = Release|Any CPU
		{05FA8979-07E7-41FD-BF24-3E0314322B95}.Release|x86.ActiveCfg = Release|Any CPU
	EndGlobalSection
	GlobalSection(SolutionProperties) = preSolution
		HideSolutionNode = FALSE
	EndGlobalSection
	GlobalSection(NestedProjects) = preSolution
		{05FA8979-07E7-41FD-BF24-3E0314322B95} = {330DC25B-17C5-4D96-B51D-3AA941C5D516}
		{D15FE9CF-DFF6-4941-98AF-62859DED3546} = {330DC25B-17C5-4D96-B51D-3AA941C5D516}
	EndGlobalSection
	GlobalSection(TestCaseManagementSettings) = postSolution
		CategoryFile = Nemiro.OAuth.vsmdi
	EndGlobalSection
EndGlobal
